
Microsoft Visual Studio Solution File, Format Version 12.00
# Visual Studio Version 16
VisualStudioVersion = 16.0.35325.158
MinimumVisualStudioVersion = 10.0.40219.1
Project("{FAE04EC0-301F-11D3-BF4B-00C04F79EFBC}") = "JobPortalMVCApplication", "JobPortalMVCApplication\JobPortalMVCApplication.csproj", "{1B839547-93B9-424D-B8E2-6B12728358E5}"
EndProject
Global
	GlobalSection(SolutionConfigurationPlatforms) = preSolution
		Debug|Any CPU = Debug|Any CPU
		Release|Any CPU = Release|Any CPU
	EndGlobalSection
	GlobalSection(ProjectConfigurationPlatforms) = postSolution
		{1B839547-93B9-424D-B8E2-6B12728358E5}.Debug|Any CPU.ActiveCfg = Debug|Any CPU
		{1B839547-93B9-424D-B8E2-6B12728358E5}.Debug|Any CPU.Build.0 = Debug|Any CPU
		{1B839547-93B9-424D-B8E2-6B12728358E5}.Release|Any CPU.ActiveCfg = Release|Any CPU
		{1B839547-93B9-424D-B8E2-6B12728358E5}.Release|Any CPU.Build.0 = Release|Any CPU
	EndGlobalSection
	GlobalSection(SolutionProperties) = preSolution
		HideSolutionNode = FALSE
	EndGlobalSection
	GlobalSection(ExtensibilityGlobals) = postSolution
		SolutionGuid = {EAB593A0-FA5F-43EF-9015-476FDF48E1C9}
	EndGlobalSection
EndGlobal
